// !$*UTF8*$!
{
	archiveVersion = 1;
	classes = {
	};
	objectVersion = 50;
	objects = {

/* Begin PBXBuildFile section */
		4445FAA722BE530300AC7258 /* AppDelegate.swift in Sources */ = {isa = PBXBuildFile; fileRef = 4445FAA622BE530300AC7258 /* AppDelegate.swift */; };
		4445FAA922BE530300AC7258 /* ViewController.swift in Sources */ = {isa = PBXBuildFile; fileRef = 4445FAA822BE530300AC7258 /* ViewController.swift */; };
		4445FAAC22BE530300AC7258 /* Main.storyboard in Resources */ = {isa = PBXBuildFile; fileRef = 4445FAAA22BE530300AC7258 /* Main.storyboard */; };
		4445FAAE22BE530300AC7258 /* Assets.xcassets in Resources */ = {isa = PBXBuildFile; fileRef = 4445FAAD22BE530300AC7258 /* Assets.xcassets */; };
		4445FAB122BE530300AC7258 /* LaunchScreen.storyboard in Resources */ = {isa = PBXBuildFile; fileRef = 4445FAAF22BE530300AC7258 /* LaunchScreen.storyboard */; };
		4445FAB922BECE4100AC7258 /* image1.JPG in Resources */ = {isa = PBXBuildFile; fileRef = 4445FAB822BECE4100AC7258 /* image1.JPG */; };
		4445FABB22BECE5000AC7258 /* image2.JPG in Resources */ = {isa = PBXBuildFile; fileRef = 4445FABA22BECE5000AC7258 /* image2.JPG */; };
		4445FABD22BECE6200AC7258 /* image3.JPG in Resources */ = {isa = PBXBuildFile; fileRef = 4445FABC22BECE6200AC7258 /* image3.JPG */; };
		4445FABF22BECE6D00AC7258 /* image4.JPG in Resources */ = {isa = PBXBuildFile; fileRef = 4445FABE22BECE6D00AC7258 /* image4.JPG */; };
		4445FAC122BECE7800AC7258 /* image5.JPG in Resources */ = {isa = PBXBuildFile; fileRef = 4445FAC022BECE7800AC7258 /* image5.JPG */; };
		4445FAC322C141A100AC7258 /* ZoomViewController.swift in Sources */ = {isa = PBXBuildFile; fileRef = 4445FAC222C141A100AC7258 /* ZoomViewController.swift */; };
/* End PBXBuildFile section */

/* Begin PBXFileReference section */
		4445FAA322BE530300AC7258 /* SlideshowApp.app */ = {isa = PBXFileReference; explicitFileType = wrapper.application; includeInIndex = 0; path = SlideshowApp.app; sourceTree = BUILT_PRODUCTS_DIR; };
		4445FAA622BE530300AC7258 /* AppDelegate.swift */ = {isa = PBXFileReference; lastKnownFileType = sourcecode.swift; path = AppDelegate.swift; sourceTree = "<group>"; };
		4445FAA822BE530300AC7258 /* ViewController.swift */ = {isa = PBXFileReference; lastKnownFileType = sourcecode.swift; path = ViewController.swift; sourceTree = "<group>"; };
		4445FAAB22BE530300AC7258 /* Base */ = {isa = PBXFileReference; lastKnownFileType = file.storyboard; name = Base; path = Base.lproj/Main.storyboard; sourceTree = "<group>"; };
		4445FAAD22BE530300AC7258 /* Assets.xcassets */ = {isa = PBXFileReference; lastKnownFileType = folder.assetcatalog; path = Assets.xcassets; sourceTree = "<group>"; };
		4445FAB022BE530300AC7258 /* Base */ = {isa = PBXFileReference; lastKnownFileType = file.storyboard; name = Base; path = Base.lproj/LaunchScreen.storyboard; sourceTree = "<group>"; };
		4445FAB222BE530300AC7258 /* Info.plist */ = {isa = PBXFileReference; lastKnownFileType = text.plist.xml; path = Info.plist; sourceTree = "<group>"; };
		4445FAB822BECE4100AC7258 /* image1.JPG */ = {isa = PBXFileReference; lastKnownFileType = image.jpeg; path = image1.JPG; sourceTree = "<group>"; };
		4445FABA22BECE5000AC7258 /* image2.JPG */ = {isa = PBXFileReference; lastKnownFileType = image.jpeg; path = image2.JPG; sourceTree = "<group>"; };
		4445FABC22BECE6200AC7258 /* image3.JPG */ = {isa = PBXFileReference; lastKnownFileType = image.jpeg; path = image3.JPG; sourceTree = "<group>"; };
		4445FABE22BECE6D00AC7258 /* image4.JPG */ = {isa = PBXFileReference; lastKnownFileType = image.jpeg; path = image4.JPG; sourceTree = "<group>"; };
		4445FAC022BECE7800AC7258 /* image5.JPG */ = {isa = PBXFileReference; lastKnownFileType = image.jpeg; path = image5.JPG; sourceTree = "<group>"; };
		4445FAC222C141A100AC7258 /* ZoomViewController.swift */ = {isa = PBXFileReference; lastKnownFileType = sourcecode.swift; path = ZoomViewController.swift; sourceTree = "<group>"; };
/* End PBXFileReference section */

/* Begin PBXFrameworksBuildPhase section */
		4445FAA022BE530300AC7258 /* Frameworks */ = {
			isa = PBXFrameworksBuildPhase;
			buildActionMask = 2147483647;
			files = (
			);
			runOnlyForDeploymentPostprocessing = 0;
		};
/* End PBXFrameworksBuildPhase section */

/* Begin PBXGroup section */
		4445FA9A22BE530300AC7258 = {
			isa = PBXGroup;
			children = (
				4445FAA522BE530300AC7258 /* SlideshowApp */,
				4445FAA422BE530300AC7258 /* Products */,
			);
			sourceTree = "<group>";
		};
		4445FAA422BE530300AC7258 /* Products */ = {
			isa = PBXGroup;
			children = (
				4445FAA322BE530300AC7258 /* SlideshowApp.app */,
			);
			name = Products;
			sourceTree = "<group>";
		};
		4445FAA522BE530300AC7258 /* SlideshowApp */ = {
			isa = PBXGroup;
			children = (
				4445FAA622BE530300AC7258 /* AppDelegate.swift */,
				4445FAA822BE530300AC7258 /* ViewController.swift */,
				4445FAAA22BE530300AC7258 /* Main.storyboard */,
				4445FAAD22BE530300AC7258 /* Assets.xcassets */,
				4445FAAF22BE530300AC7258 /* LaunchScreen.storyboard */,
				4445FAB222BE530300AC7258 /* Info.plist */,
				4445FAB822BECE4100AC7258 /* image1.JPG */,
				4445FABA22BECE5000AC7258 /* image2.JPG */,
				4445FABC22BECE6200AC7258 /* image3.JPG */,
				4445FABE22BECE6D00AC7258 /* image4.JPG */,
				4445FAC022BECE7800AC7258 /* image5.JPG */,
				4445FAC222C141A100AC7258 /* ZoomViewController.swift */,
			);
			path = SlideshowApp;
			sourceTree = "<group>";
		};
/* End PBXGroup section */

/* Begin PBXNativeTarget section */
		4445FAA222BE530300AC7258 /* SlideshowApp */ = {
			isa = PBXNativeTarget;
			buildConfigurationList = 4445FAB522BE530300AC7258 /* Build configuration list for PBXNativeTarget "SlideshowApp" */;
			buildPhases = (
				4445FA9F22BE530300AC7258 /* Sources */,
				4445FAA022BE530300AC7258 /* Frameworks */,
				4445FAA122BE530300AC7258 /* Resources */,
			);
			buildRules = (
			);
			dependencies = (
			);
			name = SlideshowApp;
			productName = SlideshowApp;
			productReference = 4445FAA322BE530300AC7258 /* SlideshowApp.app */;
			productType = "com.apple.product-type.application";
		};
/* End PBXNativeTarget section */

/* Begin PBXProject section */
		4445FA9B22BE530300AC7258 /* Project object */ = {
			isa = PBXProject;
			attributes = {
				LastSwiftUpdateCheck = 1010;
				LastUpgradeCheck = 1010;
				ORGANIZATIONNAME = msk5ej;
				TargetAttributes = {
					4445FAA222BE530300AC7258 = {
						CreatedOnToolsVersion = 10.1;
					};
				};
			};
			buildConfigurationList = 4445FA9E22BE530300AC7258 /* Build configuration list for PBXProject "SlideshowApp" */;
			compatibilityVersion = "Xcode 9.3";
			developmentRegion = en;
			hasScannedForEncodings = 0;
			knownRegions = (
				en,
				Base,
			);
			mainGroup = 4445FA9A22BE530300AC7258;
			productRefGroup = 4445FAA422BE530300AC7258 /* Products */;
			projectDirPath = "";
			projectRoot = "";
			targets = (
				4445FAA222BE530300AC7258 /* SlideshowApp */,
			);
		};
/* End PBXProject section */

/* Begin PBXResourcesBuildPhase section */
		4445FAA122BE530300AC7258 /* Resources */ = {
			isa = PBXResourcesBuildPhase;
			buildActionMask = 2147483647;
			files = (
				4445FAB122BE530300AC7258 /* LaunchScreen.storyboard in Resources */,
				4445FAC122BECE7800AC7258 /* image5.JPG in Resources */,
				4445FABB22BECE5000AC7258 /* image2.JPG in Resources */,
				4445FAB922BECE4100AC7258 /* image1.JPG in Resources */,
				4445FABF22BECE6D00AC7258 /* image4.JPG in Resources */,
				4445FAAE22BE530300AC7258 /* Assets.xcassets in Resources */,
				4445FAAC22BE530300AC7258 /* Main.storyboard in Resources */,
				4445FABD22BECE6200AC7258 /* image3.JPG in Resources */,
			);
			runOnlyForDeploymentPostprocessing = 0;
		};
/* End PBXResourcesBuildPhase section */

/* Begin PBXSourcesBuildPhase section */
		4445FA9F22BE530300AC7258 /* Sources */ = {
			isa = PBXSourcesBuildPhase;
			buildActionMask = 2147483647;
			files = (
				4445FAA922BE530300AC7258 /* ViewController.swift in Sources */,
				4445FAC322C141A100AC7258 /* ZoomViewController.swift in Sources */,
				4445FAA722BE530300AC7258 /* AppDelegate.swift in Sources */,
			);
			runOnlyForDeploymentPostprocessing = 0;
		};
/* End PBXSourcesBuildPhase section */

/* Begin PBXVariantGroup section */
		4445FAAA22BE530300AC7258 /* Main.storyboard */ = {
			isa = PBXVariantGroup;
			children = (
				4445FAAB22BE530300AC7258 /* Base */,
			);
			name = Main.storyboard;
			sourceTree = "<group>";
		};
		4445FAAF22BE530300AC7258 /* LaunchScreen.storyboard */ = {
			isa = PBXVariantGroup;
			children = (
				4445FAB022BE530300AC7258 /* Base */,
			);
			name = LaunchScreen.storyboard;
			sourceTree = "<group>";
		};
/* End PBXVariantGroup section */

/* Begin XCBuildConfiguration section */
		4445FAB322BE530300AC7258 /* Debug */ = {
			isa = XCBuildConfiguration;
			buildSettings = {
				ALWAYS_SEARCH_USER_PATHS = NO;
				CLANG_ANALYZER_NONNULL = YES;
				CLANG_ANALYZER_NUMBER_OBJECT_CONVERSION = YES_AGGRESSIVE;
				CLANG_CXX_LANGUAGE_STANDARD = "gnu++14";
				CLANG_CXX_LIBRARY = "libc++";
				CLANG_ENABLE_MODULES = YES;
				CLANG_ENABLE_OBJC_ARC = YES;
				CLANG_ENABLE_OBJC_WEAK = YES;
				CLANG_WARN_BLOCK_CAPTURE_AUTORELEASING = YES;
				CLANG_WARN_BOOL_CONVERSION = YES;
				CLANG_WARN_COMMA = YES;
				CLANG_WARN_CONSTANT_CONVERSION = YES;
				CLANG_WARN_DEPRECATED_OBJC_IMPLEMENTATIONS = YES;
				CLANG_WARN_DIRECT_OBJC_ISA_USAGE = YES_ERROR;
				CLANG_WARN_DOCUMENTATION_COMMENTS = YES;
				CLANG_WARN_EMPTY_BODY = YES;
				CLANG_WARN_ENUM_CONVERSION = YES;
				CLANG_WARN_INFINITE_RECURSION = YES;
				CLANG_WARN_INT_CONVERSION = YES;
				CLANG_WARN_NON_LITERAL_NULL_CONVERSION = YES;
				CLANG_WARN_OBJC_IMPLICIT_RETAIN_SELF = YES;
				CLANG_WARN_OBJC_LITERAL_CONVERSION = YES;
				CLANG_WARN_OBJC_ROOT_CLASS = YES_ERROR;
				CLANG_WARN_RANGE_LOOP_ANALYSIS = YES;
				CLANG_WARN_STRICT_PROTOTYPES = YES;
				CLANG_WARN_SUSPICIOUS_MOVE = YES;
				CLANG_WARN_UNGUARDED_AVAILABILITY = YES_AGGRESSIVE;
				CLANG_WARN_UNREACHABLE_CODE = YES;
				CLANG_WARN__DUPLICATE_METHOD_MATCH = YES;
				CODE_SIGN_IDENTITY = "iPhone Developer";
				COPY_PHASE_STRIP = NO;
				DEBUG_INFORMATION_FORMAT = dwarf;
				ENABLE_STRICT_OBJC_MSGSEND = YES;
				ENABLE_TESTABILITY = YES;
				GCC_C_LANGUAGE_STANDARD = gnu11;
				GCC_DYNAMIC_NO_PIC = NO;
				GCC_NO_COMMON_BLOCKS = YES;
				GCC_OPTIMIZATION_LEVEL = 0;
				GCC_PREPROCESSOR_DEFINITIONS = (
					"DEBUG=1",
					"$(inherited)",
				);
				GCC_WARN_64_TO_32_BIT_CONVERSION = YES;
				GCC_WARN_ABOUT_RETURN_TYPE = YES_ERROR;
				GCC_WARN_UNDECLARED_SELECTOR = YES;
				GCC_WARN_UNINITIALIZED_AUTOS = YES_AGGRESSIVE;
				GCC_WARN_UNUSED_FUNCTION = YES;
				GCC_WARN_UNUSED_VARIABLE = YES;
				IPHONEOS_DEPLOYMENT_TARGET = 12.1;
				MTL_ENABLE_DEBUG_INFO = INCLUDE_SOURCE;
				MTL_FAST_MATH = YES;
				ONLY_ACTIVE_ARCH = YES;
				SDKROOT = iphoneos;
				SWIFT_ACTIVE_COMPILATION_CONDITIONS = DEBUG;
				SWIFT_OPTIMIZATION_LEVEL = "-Onone";
			};
			name = Debug;
		};
		4445FAB422BE530300AC7258 /* Release */ = {
			isa = XCBuildConfiguration;
			buildSettings = {
				ALWAYS_SEARCH_USER_PATHS = NO;
				CLANG_ANALYZER_NONNULL = YES;
				CLANG_ANALYZER_NUMBER_OBJECT_CONVERSION = YES_AGGRESSIVE;
				CLANG_CXX_LANGUAGE_STANDARD = "gnu++14";
				CLANG_CXX_LIBRARY = "libc++";
				CLANG_ENABLE_MODULES = YES;
				CLANG_ENABLE_OBJC_ARC = YES;
				CLANG_ENABLE_OBJC_WEAK = YES;
				CLANG_WARN_BLOCK_CAPTURE_AUTORELEASING = YES;
				CLANG_WARN_BOOL_CONVERSION = YES;
				CLANG_WARN_COMMA = YES;
				CLANG_WARN_CONSTANT_CONVERSION = YES;
				CLANG_WARN_DEPRECATED_OBJC_IMPLEMENTATIONS = YES;
				CLANG_WARN_DIRECT_OBJC_ISA_USAGE = YES_ERROR;
				CLANG_WARN_DOCUMENTATION_COMMENTS = YES;
				CLANG_WARN_EMPTY_BODY = YES;
				CLANG_WARN_ENUM_CONVERSION = YES;
				CLANG_WARN_INFINITE_RECURSION = YES;
				CLANG_WARN_INT_CONVERSION = YES;
				CLANG_WARN_NON_LITERAL_NULL_CONVERSION = YES;
				CLANG_WARN_OBJC_IMPLICIT_RETAIN_SELF = YES;
				CLANG_WARN_OBJC_LITERAL_CONVERSION = YES;
				CLANG_WARN_OBJC_ROOT_CLASS = YES_ERROR;
				CLANG_WARN_RANGE_LOOP_ANALYSIS = YES;
				CLANG_WARN_STRICT_PROTOTYPES = YES;
				CLANG_WARN_SUSPICIOUS_MOVE = YES;
				CLANG_WARN_UNGUARDED_AVAILABILITY = YES_AGGRESSIVE;
				CLANG_WARN_UNREACHABLE_CODE = YES;
				CLANG_WARN__DUPLICATE_METHOD_MATCH = YES;
				CODE_SIGN_IDENTITY = "iPhone Developer";
				COPY_PHASE_STRIP = NO;
				DEBUG_INFORMATION_FORMAT = "dwarf-with-dsym";
				ENABLE_NS_ASSERTIONS = NO;
				ENABLE_STRICT_OBJC_MSGSEND = YES;
				GCC_C_LANGUAGE_STANDARD = gnu11;
				GCC_NO_COMMON_BLOCKS = YES;
				GCC_WARN_64_TO_32_BIT_CONVERSION = YES;
				GCC_WARN_ABOUT_RETURN_TYPE = YES_ERROR;
				GCC_WARN_UNDECLARED_SELECTOR = YES;
				GCC_WARN_UNINITIALIZED_AUTOS = YES_AGGRESSIVE;
				GCC_WARN_UNUSED_FUNCTION = YES;
				GCC_WARN_UNUSED_VARIABLE = YES;
				IPHONEOS_DEPLOYMENT_TARGET = 12.1;
				MTL_ENABLE_DEBUG_INFO = NO;
				MTL_FAST_MATH = YES;
				SDKROOT = iphoneos;
				SWIFT_COMPILATION_MODE = wholemodule;
				SWIFT_OPTIMIZATION_LEVEL = "-O";
				VALIDATE_PRODUCT = YES;
			};
			name = Release;
		};
		4445FAB622BE530300AC7258 /* Debug */ = {
			isa = XCBuildConfiguration;
			buildSettings = {
				ASSETCATALOG_COMPILER_APPICON_NAME = AppIcon;
				CODE_SIGN_STYLE = Automatic;
				INFOPLIST_FILE = SlideshowApp/Info.plist;
				LD_RUNPATH_SEARCH_PATHS = (
					"$(inherited)",
					"@executable_path/Frameworks",
				);
				PRODUCT_BUNDLE_IDENTIFIER = jp.techacademy.msk5ej.SlideshowApp;
				PRODUCT_NAME = "$(TARGET_NAME)";
				SWIFT_VERSION = 4.2;
				TARGETED_DEVICE_FAMILY = "1,2";
			};
			name = Debug;
		};
		4445FAB722BE530300AC7258 /* Release */ = {
			isa = XCBuildConfiguration;
			buildSettings = {
				ASSETCATALOG_COMPILER_APPICON_NAME = AppIcon;
				CODE_SIGN_STYLE = Automatic;
				INFOPLIST_FILE = SlideshowApp/Info.plist;
				LD_RUNPATH_SEARCH_PATHS = (
					"$(inherited)",
					"@executable_path/Frameworks",
				);
				PRODUCT_BUNDLE_IDENTIFIER = jp.techacademy.msk5ej.SlideshowApp;
				PRODUCT_NAME = "$(TARGET_NAME)";
				SWIFT_VERSION = 4.2;
				TARGETED_DEVICE_FAMILY = "1,2";
			};
			name = Release;
		};
/* End XCBuildConfiguration section */

/* Begin XCConfigurationList section */
		4445FA9E22BE530300AC7258 /* Build configuration list for PBXProject "SlideshowApp" */ = {
			isa = XCConfigurationList;
			buildConfigurations = (
				4445FAB322BE530300AC7258 /* Debug */,
				4445FAB422BE530300AC7258 /* Release */,
			);
			defaultConfigurationIsVisible = 0;
			defaultConfigurationName = Release;
		};
		4445FAB522BE530300AC7258 /* Build configuration list for PBXNativeTarget "SlideshowApp" */ = {
			isa = XCConfigurationList;
			buildConfigurations = (
				4445FAB622BE530300AC7258 /* Debug */,
				4445FAB722BE530300AC7258 /* Release */,
			);
			defaultConfigurationIsVisible = 0;
			defaultConfigurationName = Release;
		};
/* End XCConfigurationList section */
	};
	rootObject = 4445FA9B22BE530300AC7258 /* Project object */;
}
